
Microsoft Visual Studio Solution File, Format Version 12.00
# Visual Studio 15
VisualStudioVersion = 15.0.28307.329
MinimumVisualStudioVersion = 10.0.40219.1
Project("{FAE04EC0-301F-11D3-BF4B-00C04F79EFBC}") = "AppCalculadora.Android", "AppCalculadora\AppCalculadora.Android\AppCalculadora.Android.csproj", "{94898CC5-20EE-4F50-AFC3-A39D206D00B6}"
EndProject
Project("{FAE04EC0-301F-11D3-BF4B-00C04F79EFBC}") = "AppCalculadora.iOS", "AppCalculadora\AppCalculadora.iOS\AppCalculadora.iOS.csproj", "{B9120322-BC60-4FC9-8144-CF2E1163E7FF}"
EndProject
Project("{FAE04EC0-301F-11D3-BF4B-00C04F79EFBC}") = "AppCalculadora.UWP", "AppCalculadora\AppCalculadora.UWP\AppCalculadora.UWP.csproj", "{ECDB0FAA-0CC1-433A-992B-E4F584C86BDA}"
EndProject
Project("{FAE04EC0-301F-11D3-BF4B-00C04F79EFBC}") = "AppCalculadora", "AppCalculadora\AppCalculadora\AppCalculadora.csproj", "{BFB4B37E-6CDF-4962-9EA8-1A2027AB22F0}"
EndProject
Global
	GlobalSection(SolutionConfigurationPlatforms) = preSolution
		Ad-Hoc|Any CPU = Ad-Hoc|Any CPU
		Ad-Hoc|ARM = Ad-Hoc|ARM
		Ad-Hoc|iPhone = Ad-Hoc|iPhone
		Ad-Hoc|iPhoneSimulator = Ad-Hoc|iPhoneSimulator
		Ad-Hoc|x64 = Ad-Hoc|x64
		Ad-Hoc|x86 = Ad-Hoc|x86
		AppStore|Any CPU = AppStore|Any CPU
		AppStore|ARM = AppStore|ARM
		AppStore|iPhone = AppStore|iPhone
		AppStore|iPhoneSimulator = AppStore|iPhoneSimulator
		AppStore|x64 = AppStore|x64
		AppStore|x86 = AppStore|x86
		Debug|Any CPU = Debug|Any CPU
		Debug|ARM = Debug|ARM
		Debug|iPhone = Debug|iPhone
		Debug|iPhoneSimulator = Debug|iPhoneSimulator
		Debug|x64 = Debug|x64
		Debug|x86 = Debug|x86
		Release|Any CPU = Release|Any CPU
		Release|ARM = Release|ARM
		Release|iPhone = Release|iPhone
		Release|iPhoneSimulator = Release|iPhoneSimulator
		Release|x64 = Release|x64
		Release|x86 = Release|x86
	EndGlobalSection
	GlobalSection(ProjectConfigurationPlatforms) = postSolution
		{94898CC5-20EE-4F50-AFC3-A39D206D00B6}.Ad-Hoc|Any CPU.ActiveCfg = Release|Any CPU
		{94898CC5-20EE-4F50-AFC3-A39D206D00B6}.Ad-Hoc|Any CPU.Build.0 = Release|Any CPU
		{94898CC5-20EE-4F50-AFC3-A39D206D00B6}.Ad-Hoc|Any CPU.Deploy.0 = Release|Any CPU
		{94898CC5-20EE-4F50-AFC3-A39D206D00B6}.Ad-Hoc|ARM.ActiveCfg = Release|Any CPU
		{94898CC5-20EE-4F50-AFC3-A39D206D00B6}.Ad-Hoc|ARM.Build.0 = Release|Any CPU
		{94898CC5-20EE-4F50-AFC3-A39D206D00B6}.Ad-Hoc|ARM.Deploy.0 = Release|Any CPU
		{94898CC5-20EE-4F50-AFC3-A39D206D00B6}.Ad-Hoc|iPhone.ActiveCfg = Release|Any CPU
		{94898CC5-20EE-4F50-AFC3-A39D206D00B6}.Ad-Hoc|iPhone.Build.0 = Release|Any CPU
		{94898CC5-20EE-4F50-AFC3-A39D206D00B6}.Ad-Hoc|iPhone.Deploy.0 = Release|Any CPU
		{94898CC5-20EE-4F50-AFC3-A39D206D00B6}.Ad-Hoc|iPhoneSimulator.ActiveCfg = Release|Any CPU
		{94898CC5-20EE-4F50-AFC3-A39D206D00B6}.Ad-Hoc|iPhoneSimulator.Build.0 = Release|Any CPU
		{94898CC5-20EE-4F50-AFC3-A39D206D00B6}.Ad-Hoc|iPhoneSimulator.Deploy.0 = Release|Any CPU
		{94898CC5-20EE-4F50-AFC3-A39D206D00B6}.Ad-Hoc|x64.ActiveCfg = Release|Any CPU
		{94898CC5-20EE-4F50-AFC3-A39D206D00B6}.Ad-Hoc|x64.Build.0 = Release|Any CPU
		{94898CC5-20EE-4F50-AFC3-A39D206D00B6}.Ad-Hoc|x64.Deploy.0 = Release|Any CPU
		{94898CC5-20EE-4F50-AFC3-A39D206D00B6}.Ad-Hoc|x86.ActiveCfg = Release|Any CPU
		{94898CC5-20EE-4F50-AFC3-A39D206D00B6}.Ad-Hoc|x86.Build.0 = Release|Any CPU
		{94898CC5-20EE-4F50-AFC3-A39D206D00B6}.Ad-Hoc|x86.Deploy.0 = Release|Any CPU
		{94898CC5-20EE-4F50-AFC3-A39D206D00B6}.AppStore|Any CPU.ActiveCfg = Release|Any CPU
		{94898CC5-20EE-4F50-AFC3-A39D206D00B6}.AppStore|Any CPU.Build.0 = Release|Any CPU
		{94898CC5-20EE-4F50-AFC3-A39D206D00B6}.AppStore|Any CPU.Deploy.0 = Release|Any CPU
		{94898CC5-20EE-4F50-AFC3-A39D206D00B6}.AppStore|ARM.ActiveCfg = Release|Any CPU
		{94898CC5-20EE-4F50-AFC3-A39D206D00B6}.AppStore|ARM.Build.0 = Release|Any CPU
		{94898CC5-20EE-4F50-AFC3-A39D206D00B6}.AppStore|ARM.Deploy.0 = Release|Any CPU
		{94898CC5-20EE-4F50-AFC3-A39D206D00B6}.AppStore|iPhone.ActiveCfg = Release|Any CPU
		{94898CC5-20EE-4F50-AFC3-A39D206D00B6}.AppStore|iPhone.Build.0 = Release|Any CPU
		{94898CC5-20EE-4F50-AFC3-A39D206D00B6}.AppStore|iPhone.Deploy.0 = Release|Any CPU
		{94898CC5-20EE-4F50-AFC3-A39D206D00B6}.AppStore|iPhoneSimulator.ActiveCfg = Release|Any CPU
		{94898CC5-20EE-4F50-AFC3-A39D206D00B6}.AppStore|iPhoneSimulator.Build.0 = Release|Any CPU
		{94898CC5-20EE-4F50-AFC3-A39D206D00B6}.AppStore|iPhoneSimulator.Deploy.0 = Release|Any CPU
		{94898CC5-20EE-4F50-AFC3-A39D206D00B6}.AppStore|x64.ActiveCfg = Release|Any CPU
		{94898CC5-20EE-4F50-AFC3-A39D206D00B6}.AppStore|x64.Build.0 = Release|Any CPU
		{94898CC5-20EE-4F50-AFC3-A39D206D00B6}.AppStore|x64.Deploy.0 = Release|Any CPU
		{94898CC5-20EE-4F50-AFC3-A39D206D00B6}.AppStore|x86.ActiveCfg = Release|Any CPU
		{94898CC5-20EE-4F50-AFC3-A39D206D00B6}.AppStore|x86.Build.0 = Release|Any CPU
		{94898CC5-20EE-4F50-AFC3-A39D206D00B6}.AppStore|x86.Deploy.0 = Release|Any CPU
		{94898CC5-20EE-4F50-AFC3-A39D206D00B6}.Debug|Any CPU.ActiveCfg = Debug|Any CPU
		{94898CC5-20EE-4F50-AFC3-A39D206D00B6}.Debug|Any CPU.Build.0 = Debug|Any CPU
		{94898CC5-20EE-4F50-AFC3-A39D206D00B6}.Debug|Any CPU.Deploy.0 = Debug|Any CPU
		{94898CC5-20EE-4F50-AFC3-A39D206D00B6}.Debug|ARM.ActiveCfg = Debug|Any CPU
		{94898CC5-20EE-4F50-AFC3-A39D206D00B6}.Debug|ARM.Build.0 = Debug|Any CPU
		{94898CC5-20EE-4F50-AFC3-A39D206D00B6}.Debug|ARM.Deploy.0 = Debug|Any CPU
		{94898CC5-20EE-4F50-AFC3-A39D206D00B6}.Debug|iPhone.ActiveCfg = Debug|Any CPU
		{94898CC5-20EE-4F50-AFC3-A39D206D00B6}.Debug|iPhone.Build.0 = Debug|Any CPU
		{94898CC5-20EE-4F50-AFC3-A39D206D00B6}.Debug|iPhone.Deploy.0 = Debug|Any CPU
		{94898CC5-20EE-4F50-AFC3-A39D206D00B6}.Debug|iPhoneSimulator.ActiveCfg = Debug|Any CPU
		{94898CC5-20EE-4F50-AFC3-A39D206D00B6}.Debug|iPhoneSimulator.Build.0 = Debug|Any CPU
		{94898CC5-20EE-4F50-AFC3-A39D206D00B6}.Debug|iPhoneSimulator.Deploy.0 = Debug|Any CPU
		{94898CC5-20EE-4F50-AFC3-A39D206D00B6}.Debug|x64.ActiveCfg = Debug|Any CPU
		{94898CC5-20EE-4F50-AFC3-A39D206D00B6}.Debug|x64.Build.0 = Debug|Any CPU
		{94898CC5-20EE-4F50-AFC3-A39D206D00B6}.Debug|x64.Deploy.0 = Debug|Any CPU
		{94898CC5-20EE-4F50-AFC3-A39D206D00B6}.Debug|x86.ActiveCfg = Debug|Any CPU
		{94898CC5-20EE-4F50-AFC3-A39D206D00B6}.Debug|x86.Build.0 = Debug|Any CPU
		{94898CC5-20EE-4F50-AFC3-A39D206D00B6}.Debug|x86.Deploy.0 = Debug|Any CPU
		{94898CC5-20EE-4F50-AFC3-A39D206D00B6}.Release|Any CPU.ActiveCfg = Release|Any CPU
		{94898CC5-20EE-4F50-AFC3-A39D206D00B6}.Release|Any CPU.Build.0 = Release|Any CPU
		{94898CC5-20EE-4F50-AFC3-A39D206D00B6}.Release|Any CPU.Deploy.0 = Release|Any CPU
		{94898CC5-20EE-4F50-AFC3-A39D206D00B6}.Release|ARM.ActiveCfg = Release|Any CPU
		{94898CC5-20EE-4F50-AFC3-A39D206D00B6}.Release|ARM.Build.0 = Release|Any CPU
		{94898CC5-20EE-4F50-AFC3-A39D206D00B6}.Release|ARM.Deploy.0 = Release|Any CPU
		{94898CC5-20EE-4F50-AFC3-A39D206D00B6}.Release|iPhone.ActiveCfg = Release|Any CPU
		{94898CC5-20EE-4F50-AFC3-A39D206D00B6}.Release|iPhone.Build.0 = Release|Any CPU
		{94898CC5-20EE-4F50-AFC3-A39D206D00B6}.Release|iPhone.Deploy.0 = Release|Any CPU
		{94898CC5-20EE-4F50-AFC3-A39D206D00B6}.Release|iPhoneSimulator.ActiveCfg = Release|Any CPU
		{94898CC5-20EE-4F50-AFC3-A39D206D00B6}.Release|iPhoneSimulator.Build.0 = Release|Any CPU
		{94898CC5-20EE-4F50-AFC3-A39D206D00B6}.Release|iPhoneSimulator.Deploy.0 = Release|Any CPU
		{94898CC5-20EE-4F50-AFC3-A39D206D00B6}.Release|x64.ActiveCfg = Release|Any CPU
		{94898CC5-20EE-4F50-AFC3-A39D206D00B6}.Release|x64.Build.0 = Release|Any CPU
		{94898CC5-20EE-4F50-AFC3-A39D206D00B6}.Release|x64.Deploy.0 = Release|Any CPU
		{94898CC5-20EE-4F50-AFC3-A39D206D00B6}.Release|x86.ActiveCfg = Release|Any CPU
		{94898CC5-20EE-4F50-AFC3-A39D206D00B6}.Release|x86.Build.0 = Release|Any CPU
		{94898CC5-20EE-4F50-AFC3-A39D206D00B6}.Release|x86.Deploy.0 = Release|Any CPU
		{B9120322-BC60-4FC9-8144-CF2E1163E7FF}.Ad-Hoc|Any CPU.ActiveCfg = Ad-Hoc|iPhone
		{B9120322-BC60-4FC9-8144-CF2E1163E7FF}.Ad-Hoc|Any CPU.Build.0 = Ad-Hoc|iPhone
		{B9120322-BC60-4FC9-8144-CF2E1163E7FF}.Ad-Hoc|Any CPU.Deploy.0 = Ad-Hoc|iPhone
		{B9120322-BC60-4FC9-8144-CF2E1163E7FF}.Ad-Hoc|ARM.ActiveCfg = Ad-Hoc|iPhone
		{B9120322-BC60-4FC9-8144-CF2E1163E7FF}.Ad-Hoc|ARM.Build.0 = Ad-Hoc|iPhone
		{B9120322-BC60-4FC9-8144-CF2E1163E7FF}.Ad-Hoc|ARM.Deploy.0 = Ad-Hoc|iPhone
		{B9120322-BC60-4FC9-8144-CF2E1163E7FF}.Ad-Hoc|iPhone.ActiveCfg = Ad-Hoc|iPhone
		{B9120322-BC60-4FC9-8144-CF2E1163E7FF}.Ad-Hoc|iPhone.Build.0 = Ad-Hoc|iPhone
		{B9120322-BC60-4FC9-8144-CF2E1163E7FF}.Ad-Hoc|iPhone.Deploy.0 = Ad-Hoc|iPhone
		{B9120322-BC60-4FC9-8144-CF2E1163E7FF}.Ad-Hoc|iPhoneSimulator.ActiveCfg = Ad-Hoc|iPhoneSimulator
		{B9120322-BC60-4FC9-8144-CF2E1163E7FF}.Ad-Hoc|iPhoneSimulator.Build.0 = Ad-Hoc|iPhoneSimulator
		{B9120322-BC60-4FC9-8144-CF2E1163E7FF}.Ad-Hoc|iPhoneSimulator.Deploy.0 = Ad-Hoc|iPhoneSimulator
		{B9120322-BC60-4FC9-8144-CF2E1163E7FF}.Ad-Hoc|x64.ActiveCfg = Ad-Hoc|iPhone
		{B9120322-BC60-4FC9-8144-CF2E1163E7FF}.Ad-Hoc|x64.Build.0 = Ad-Hoc|iPhone
		{B9120322-BC60-4FC9-8144-CF2E1163E7FF}.Ad-Hoc|x64.Deploy.0 = Ad-Hoc|iPhone
		{B9120322-BC60-4FC9-8144-CF2E1163E7FF}.Ad-Hoc|x86.ActiveCfg = Ad-Hoc|iPhone
		{B9120322-BC60-4FC9-8144-CF2E1163E7FF}.Ad-Hoc|x86.Build.0 = Ad-Hoc|iPhone
		{B9120322-BC60-4FC9-8144-CF2E1163E7FF}.Ad-Hoc|x86.Deploy.0 = Ad-Hoc|iPhone
		{B9120322-BC60-4FC9-8144-CF2E1163E7FF}.AppStore|Any CPU.ActiveCfg = AppStore|iPhone
		{B9120322-BC60-4FC9-8144-CF2E1163E7FF}.AppStore|Any CPU.Build.0 = AppStore|iPhone
		{B9120322-BC60-4FC9-8144-CF2E1163E7FF}.AppStore|Any CPU.Deploy.0 = AppStore|iPhone
		{B9120322-BC60-4FC9-8144-CF2E1163E7FF}.AppStore|ARM.ActiveCfg = AppStore|iPhone
		{B9120322-BC60-4FC9-8144-CF2E1163E7FF}.AppStore|ARM.Build.0 = AppStore|iPhone
		{B9120322-BC60-4FC9-8144-CF2E1163E7FF}.AppStore|ARM.Deploy.0 = AppStore|iPhone
		{B9120322-BC60-4FC9-8144-CF2E1163E7FF}.AppStore|iPhone.ActiveCfg = AppStore|iPhone
		{B9120322-BC60-4FC9-8144-CF2E1163E7FF}.AppStore|iPhone.Build.0 = AppStore|iPhone
		{B9120322-BC60-4FC9-8144-CF2E1163E7FF}.AppStore|iPhone.Deploy.0 = AppStore|iPhone
		{B9120322-BC60-4FC9-8144-CF2E1163E7FF}.AppStore|iPhoneSimulator.ActiveCfg = AppStore|iPhoneSimulator
		{B9120322-BC60-4FC9-8144-CF2E1163E7FF}.AppStore|iPhoneSimulator.Build.0 = AppStore|iPhoneSimulator
		{B9120322-BC60-4FC9-8144-CF2E1163E7FF}.AppStore|iPhoneSimulator.Deploy.0 = AppStore|iPhoneSimulator
		{B9120322-BC60-4FC9-8144-CF2E1163E7FF}.AppStore|x64.ActiveCfg = AppStore|iPhone
		{B9120322-BC60-4FC9-8144-CF2E1163E7FF}.AppStore|x64.Build.0 = AppStore|iPhone
		{B9120322-BC60-4FC9-8144-CF2E1163E7FF}.AppStore|x64.Deploy.0 = AppStore|iPhone
		{B9120322-BC60-4FC9-8144-CF2E1163E7FF}.AppStore|x86.ActiveCfg = AppStore|iPhone
		{B9120322-BC60-4FC9-8144-CF2E1163E7FF}.AppStore|x86.Build.0 = AppStore|iPhone
		{B9120322-BC60-4FC9-8144-CF2E1163E7FF}.AppStore|x86.Deploy.0 = AppStore|iPhone
		{B9120322-BC60-4FC9-8144-CF2E1163E7FF}.Debug|Any CPU.ActiveCfg = Debug|iPhoneSimulator
		{B9120322-BC60-4FC9-8144-CF2E1163E7FF}.Debug|Any CPU.Build.0 = Debug|iPhoneSimulator
		{B9120322-BC60-4FC9-8144-CF2E1163E7FF}.Debug|Any CPU.Deploy.0 = Debug|iPhoneSimulator
		{B9120322-BC60-4FC9-8144-CF2E1163E7FF}.Debug|ARM.ActiveCfg = Debug|iPhone
		{B9120322-BC60-4FC9-8144-CF2E1163E7FF}.Debug|ARM.Build.0 = Debug|iPhone
		{B9120322-BC60-4FC9-8144-CF2E1163E7FF}.Debug|ARM.Deploy.0 = Debug|iPhone
		{B9120322-BC60-4FC9-8144-CF2E1163E7FF}.Debug|iPhone.ActiveCfg = Debug|iPhone
		{B9120322-BC60-4FC9-8144-CF2E1163E7FF}.Debug|iPhone.Build.0 = Debug|iPhone
		{B9120322-BC60-4FC9-8144-CF2E1163E7FF}.Debug|iPhone.Deploy.0 = Debug|iPhone
		{B9120322-BC60-4FC9-8144-CF2E1163E7FF}.Debug|iPhoneSimulator.ActiveCfg = Debug|iPhoneSimulator
		{B9120322-BC60-4FC9-8144-CF2E1163E7FF}.Debug|iPhoneSimulator.Build.0 = Debug|iPhoneSimulator
		{B9120322-BC60-4FC9-8144-CF2E1163E7FF}.Debug|iPhoneSimulator.Deploy.0 = Debug|iPhoneSimulator
		{B9120322-BC60-4FC9-8144-CF2E1163E7FF}.Debug|x64.ActiveCfg = Debug|iPhone
		{B9120322-BC60-4FC9-8144-CF2E1163E7FF}.Debug|x64.Build.0 = Debug|iPhone
		{B9120322-BC60-4FC9-8144-CF2E1163E7FF}.Debug|x64.Deploy.0 = Debug|iPhone
		{B9120322-BC60-4FC9-8144-CF2E1163E7FF}.Debug|x86.ActiveCfg = Debug|iPhone
		{B9120322-BC60-4FC9-8144-CF2E1163E7FF}.Debug|x86.Build.0 = Debug|iPhone
		{B9120322-BC60-4FC9-8144-CF2E1163E7FF}.Debug|x86.Deploy.0 = Debug|iPhone
		{B9120322-BC60-4FC9-8144-CF2E1163E7FF}.Release|Any CPU.ActiveCfg = Release|iPhone
		{B9120322-BC60-4FC9-8144-CF2E1163E7FF}.Release|Any CPU.Build.0 = Release|iPhone
		{B9120322-BC60-4FC9-8144-CF2E1163E7FF}.Release|Any CPU.Deploy.0 = Release|iPhone
		{B9120322-BC60-4FC9-8144-CF2E1163E7FF}.Release|ARM.ActiveCfg = Release|iPhone
		{B9120322-BC60-4FC9-8144-CF2E1163E7FF}.Release|ARM.Build.0 = Release|iPhone
		{B9120322-BC60-4FC9-8144-CF2E1163E7FF}.Release|ARM.Deploy.0 = Release|iPhone
		{B9120322-BC60-4FC9-8144-CF2E1163E7FF}.Release|iPhone.ActiveCfg = Release|iPhone
		{B9120322-BC60-4FC9-8144-CF2E1163E7FF}.Release|iPhone.Build.0 = Release|iPhone
		{B9120322-BC60-4FC9-8144-CF2E1163E7FF}.Release|iPhone.Deploy.0 = Release|iPhone
		{B9120322-BC60-4FC9-8144-CF2E1163E7FF}.Release|iPhoneSimulator.ActiveCfg = Release|iPhoneSimulator
		{B9120322-BC60-4FC9-8144-CF2E1163E7FF}.Release|iPhoneSimulator.Build.0 = Release|iPhoneSimulator
		{B9120322-BC60-4FC9-8144-CF2E1163E7FF}.Release|iPhoneSimulator.Deploy.0 = Release|iPhoneSimulator
		{B9120322-BC60-4FC9-8144-CF2E1163E7FF}.Release|x64.ActiveCfg = Release|iPhone
		{B9120322-BC60-4FC9-8144-CF2E1163E7FF}.Release|x64.Build.0 = Release|iPhone
		{B9120322-BC60-4FC9-8144-CF2E1163E7FF}.Release|x64.Deploy.0 = Release|iPhone
		{B9120322-BC60-4FC9-8144-CF2E1163E7FF}.Release|x86.ActiveCfg = Release|iPhone
		{B9120322-BC60-4FC9-8144-CF2E1163E7FF}.Release|x86.Build.0 = Release|iPhone
		{B9120322-BC60-4FC9-8144-CF2E1163E7FF}.Release|x86.Deploy.0 = Release|iPhone
		{ECDB0FAA-0CC1-433A-992B-E4F584C86BDA}.Ad-Hoc|Any CPU.ActiveCfg = Release|x86
		{ECDB0FAA-0CC1-433A-992B-E4F584C86BDA}.Ad-Hoc|Any CPU.Build.0 = Release|x86
		{ECDB0FAA-0CC1-433A-992B-E4F584C86BDA}.Ad-Hoc|Any CPU.Deploy.0 = Release|x86
		{ECDB0FAA-0CC1-433A-992B-E4F584C86BDA}.Ad-Hoc|ARM.ActiveCfg = Release|ARM
		{ECDB0FAA-0CC1-433A-992B-E4F584C86BDA}.Ad-Hoc|ARM.Build.0 = Release|ARM
		{ECDB0FAA-0CC1-433A-992B-E4F584C86BDA}.Ad-Hoc|ARM.Deploy.0 = Release|ARM
		{ECDB0FAA-0CC1-433A-992B-E4F584C86BDA}.Ad-Hoc|iPhone.ActiveCfg = Release|x86
		{ECDB0FAA-0CC1-433A-992B-E4F584C86BDA}.Ad-Hoc|iPhone.Build.0 = Release|x86
		{ECDB0FAA-0CC1-433A-992B-E4F584C86BDA}.Ad-Hoc|iPhone.Deploy.0 = Release|x86
		{ECDB0FAA-0CC1-433A-992B-E4F584C86BDA}.Ad-Hoc|iPhoneSimulator.ActiveCfg = Release|x86
		{ECDB0FAA-0CC1-433A-992B-E4F584C86BDA}.Ad-Hoc|iPhoneSimulator.Build.0 = Release|x86
		{ECDB0FAA-0CC1-433A-992B-E4F584C86BDA}.Ad-Hoc|iPhoneSimulator.Deploy.0 = Release|x86
		{ECDB0FAA-0CC1-433A-992B-E4F584C86BDA}.Ad-Hoc|x64.ActiveCfg = Release|x64
		{ECDB0FAA-0CC1-433A-992B-E4F584C86BDA}.Ad-Hoc|x64.Build.0 = Release|x64
		{ECDB0FAA-0CC1-433A-992B-E4F584C86BDA}.Ad-Hoc|x64.Deploy.0 = Release|x64
		{ECDB0FAA-0CC1-433A-992B-E4F584C86BDA}.Ad-Hoc|x86.ActiveCfg = Release|x86
		{ECDB0FAA-0CC1-433A-992B-E4F584C86BDA}.Ad-Hoc|x86.Build.0 = Release|x86
		{ECDB0FAA-0CC1-433A-992B-E4F584C86BDA}.Ad-Hoc|x86.Deploy.0 = Release|x86
		{ECDB0FAA-0CC1-433A-992B-E4F584C86BDA}.AppStore|Any CPU.ActiveCfg = Release|x86
		{ECDB0FAA-0CC1-433A-992B-E4F584C86BDA}.AppStore|Any CPU.Build.0 = Release|x86
		{ECDB0FAA-0CC1-433A-992B-E4F584C86BDA}.AppStore|Any CPU.Deploy.0 = Release|x86
		{ECDB0FAA-0CC1-433A-992B-E4F584C86BDA}.AppStore|ARM.ActiveCfg = Release|ARM
		{ECDB0FAA-0CC1-433A-992B-E4F584C86BDA}.AppStore|ARM.Build.0 = Release|ARM
		{ECDB0FAA-0CC1-433A-992B-E4F584C86BDA}.AppStore|ARM.Deploy.0 = Release|ARM
		{ECDB0FAA-0CC1-433A-992B-E4F584C86BDA}.AppStore|iPhone.ActiveCfg = Release|x86
		{ECDB0FAA-0CC1-433A-992B-E4F584C86BDA}.AppStore|iPhone.Build.0 = Release|x86
		{ECDB0FAA-0CC1-433A-992B-E4F584C86BDA}.AppStore|iPhone.Deploy.0 = Release|x86
		{ECDB0FAA-0CC1-433A-992B-E4F584C86BDA}.AppStore|iPhoneSimulator.ActiveCfg = Release|x86
		{ECDB0FAA-0CC1-433A-992B-E4F584C86BDA}.AppStore|iPhoneSimulator.Build.0 = Release|x86
		{ECDB0FAA-0CC1-433A-992B-E4F584C86BDA}.AppStore|iPhoneSimulator.Deploy.0 = Release|x86
		{ECDB0FAA-0CC1-433A-992B-E4F584C86BDA}.AppStore|x64.ActiveCfg = Release|x64
		{ECDB0FAA-0CC1-433A-992B-E4F584C86BDA}.AppStore|x64.Build.0 = Release|x64
		{ECDB0FAA-0CC1-433A-992B-E4F584C86BDA}.AppStore|x64.Deploy.0 = Release|x64
		{ECDB0FAA-0CC1-433A-992B-E4F584C86BDA}.AppStore|x86.ActiveCfg = Release|x86
		{ECDB0FAA-0CC1-433A-992B-E4F584C86BDA}.AppStore|x86.Build.0 = Release|x86
		{ECDB0FAA-0CC1-433A-992B-E4F584C86BDA}.AppStore|x86.Deploy.0 = Release|x86
		{ECDB0FAA-0CC1-433A-992B-E4F584C86BDA}.Debug|Any CPU.ActiveCfg = Debug|x86
		{ECDB0FAA-0CC1-433A-992B-E4F584C86BDA}.Debug|Any CPU.Build.0 = Debug|x86
		{ECDB0FAA-0CC1-433A-992B-E4F584C86BDA}.Debug|Any CPU.Deploy.0 = Debug|x86
		{ECDB0FAA-0CC1-433A-992B-E4F584C86BDA}.Debug|ARM.ActiveCfg = Debug|ARM
		{ECDB0FAA-0CC1-433A-992B-E4F584C86BDA}.Debug|ARM.Build.0 = Debug|ARM
		{ECDB0FAA-0CC1-433A-992B-E4F584C86BDA}.Debug|ARM.Deploy.0 = Debug|ARM
		{ECDB0FAA-0CC1-433A-992B-E4F584C86BDA}.Debug|iPhone.ActiveCfg = Debug|x86
		{ECDB0FAA-0CC1-433A-992B-E4F584C86BDA}.Debug|iPhone.Build.0 = Debug|x86
		{ECDB0FAA-0CC1-433A-992B-E4F584C86BDA}.Debug|iPhone.Deploy.0 = Debug|x86
		{ECDB0FAA-0CC1-433A-992B-E4F584C86BDA}.Debug|iPhoneSimulator.ActiveCfg = Debug|x86
		{ECDB0FAA-0CC1-433A-992B-E4F584C86BDA}.Debug|iPhoneSimulator.Build.0 = Debug|x86
		{ECDB0FAA-0CC1-433A-992B-E4F584C86BDA}.Debug|iPhoneSimulator.Deploy.0 = Debug|x86
		{ECDB0FAA-0CC1-433A-992B-E4F584C86BDA}.Debug|x64.ActiveCfg = Debug|x64
		{ECDB0FAA-0CC1-433A-992B-E4F584C86BDA}.Debug|x64.Build.0 = Debug|x64
		{ECDB0FAA-0CC1-433A-992B-E4F584C86BDA}.Debug|x64.Deploy.0 = Debug|x64
		{ECDB0FAA-0CC1-433A-992B-E4F584C86BDA}.Debug|x86.ActiveCfg = Debug|x86
		{ECDB0FAA-0CC1-433A-992B-E4F584C86BDA}.Debug|x86.Build.0 = Debug|x86
		{ECDB0FAA-0CC1-433A-992B-E4F584C86BDA}.Debug|x86.Deploy.0 = Debug|x86
		{ECDB0FAA-0CC1-433A-992B-E4F584C86BDA}.Release|Any CPU.ActiveCfg = Release|x86
		{ECDB0FAA-0CC1-433A-992B-E4F584C86BDA}.Release|Any CPU.Build.0 = Release|x86
		{ECDB0FAA-0CC1-433A-992B-E4F584C86BDA}.Release|Any CPU.Deploy.0 = Release|x86
		{ECDB0FAA-0CC1-433A-992B-E4F584C86BDA}.Release|ARM.ActiveCfg = Release|ARM
		{ECDB0FAA-0CC1-433A-992B-E4F584C86BDA}.Release|ARM.Build.0 = Release|ARM
		{ECDB0FAA-0CC1-433A-992B-E4F584C86BDA}.Release|ARM.Deploy.0 = Release|ARM
		{ECDB0FAA-0CC1-433A-992B-E4F584C86BDA}.Release|iPhone.ActiveCfg = Release|x86
		{ECDB0FAA-0CC1-433A-992B-E4F584C86BDA}.Release|iPhone.Build.0 = Release|x86
		{ECDB0FAA-0CC1-433A-992B-E4F584C86BDA}.Release|iPhone.Deploy.0 = Release|x86
		{ECDB0FAA-0CC1-433A-992B-E4F584C86BDA}.Release|iPhoneSimulator.ActiveCfg = Release|x86
		{ECDB0FAA-0CC1-433A-992B-E4F584C86BDA}.Release|iPhoneSimulator.Build.0 = Release|x86
		{ECDB0FAA-0CC1-433A-992B-E4F584C86BDA}.Release|iPhoneSimulator.Deploy.0 = Release|x86
		{ECDB0FAA-0CC1-433A-992B-E4F584C86BDA}.Release|x64.ActiveCfg = Release|x64
		{ECDB0FAA-0CC1-433A-992B-E4F584C86BDA}.Release|x64.Build.0 = Release|x64
		{ECDB0FAA-0CC1-433A-992B-E4F584C86BDA}.Release|x64.Deploy.0 = Release|x64
		{ECDB0FAA-0CC1-433A-992B-E4F584C86BDA}.Release|x86.ActiveCfg = Release|x86
		{ECDB0FAA-0CC1-433A-992B-E4F584C86BDA}.Release|x86.Build.0 = Release|x86
		{ECDB0FAA-0CC1-433A-992B-E4F584C86BDA}.Release|x86.Deploy.0 = Release|x86
		{BFB4B37E-6CDF-4962-9EA8-1A2027AB22F0}.Ad-Hoc|Any CPU.ActiveCfg = Debug|Any CPU
		{BFB4B37E-6CDF-4962-9EA8-1A2027AB22F0}.Ad-Hoc|Any CPU.Build.0 = Debug|Any CPU
		{BFB4B37E-6CDF-4962-9EA8-1A2027AB22F0}.Ad-Hoc|Any CPU.Deploy.0 = Debug|Any CPU
		{BFB4B37E-6CDF-4962-9EA8-1A2027AB22F0}.Ad-Hoc|ARM.ActiveCfg = Debug|Any CPU
		{BFB4B37E-6CDF-4962-9EA8-1A2027AB22F0}.Ad-Hoc|ARM.Build.0 = Debug|Any CPU
		{BFB4B37E-6CDF-4962-9EA8-1A2027AB22F0}.Ad-Hoc|ARM.Deploy.0 = Debug|Any CPU
		{BFB4B37E-6CDF-4962-9EA8-1A2027AB22F0}.Ad-Hoc|iPhone.ActiveCfg = Debug|Any CPU
		{BFB4B37E-6CDF-4962-9EA8-1A2027AB22F0}.Ad-Hoc|iPhone.Build.0 = Debug|Any CPU
		{BFB4B37E-6CDF-4962-9EA8-1A2027AB22F0}.Ad-Hoc|iPhone.Deploy.0 = Debug|Any CPU
		{BFB4B37E-6CDF-4962-9EA8-1A2027AB22F0}.Ad-Hoc|iPhoneSimulator.ActiveCfg = Debug|Any CPU
		{BFB4B37E-6CDF-4962-9EA8-1A2027AB22F0}.Ad-Hoc|iPhoneSimulator.Build.0 = Debug|Any CPU
		{BFB4B37E-6CDF-4962-9EA8-1A2027AB22F0}.Ad-Hoc|iPhoneSimulator.Deploy.0 = Debug|Any CPU
		{BFB4B37E-6CDF-4962-9EA8-1A2027AB22F0}.Ad-Hoc|x64.ActiveCfg = Debug|Any CPU
		{BFB4B37E-6CDF-4962-9EA8-1A2027AB22F0}.Ad-Hoc|x64.Build.0 = Debug|Any CPU
		{BFB4B37E-6CDF-4962-9EA8-1A2027AB22F0}.Ad-Hoc|x64.Deploy.0 = Debug|Any CPU
		{BFB4B37E-6CDF-4962-9EA8-1A2027AB22F0}.Ad-Hoc|x86.ActiveCfg = Debug|Any CPU
		{BFB4B37E-6CDF-4962-9EA8-1A2027AB22F0}.Ad-Hoc|x86.Build.0 = Debug|Any CPU
		{BFB4B37E-6CDF-4962-9EA8-1A2027AB22F0}.Ad-Hoc|x86.Deploy.0 = Debug|Any CPU
		{BFB4B37E-6CDF-4962-9EA8-1A2027AB22F0}.AppStore|Any CPU.ActiveCfg = Debug|Any CPU
		{BFB4B37E-6CDF-4962-9EA8-1A2027AB22F0}.AppStore|Any CPU.Build.0 = Debug|Any CPU
		{BFB4B37E-6CDF-4962-9EA8-1A2027AB22F0}.AppStore|Any CPU.Deploy.0 = Debug|Any CPU
		{BFB4B37E-6CDF-4962-9EA8-1A2027AB22F0}.AppStore|ARM.ActiveCfg = Debug|Any CPU
		{BFB4B37E-6CDF-4962-9EA8-1A2027AB22F0}.AppStore|ARM.Build.0 = Debug|Any CPU
		{BFB4B37E-6CDF-4962-9EA8-1A2027AB22F0}.AppStore|ARM.Deploy.0 = Debug|Any CPU
		{BFB4B37E-6CDF-4962-9EA8-1A2027AB22F0}.AppStore|iPhone.ActiveCfg = Debug|Any CPU
		{BFB4B37E-6CDF-4962-9EA8-1A2027AB22F0}.AppStore|iPhone.Build.0 = Debug|Any CPU
		{BFB4B37E-6CDF-4962-9EA8-1A2027AB22F0}.AppStore|iPhone.Deploy.0 = Debug|Any CPU
		{BFB4B37E-6CDF-4962-9EA8-1A2027AB22F0}.AppStore|iPhoneSimulator.ActiveCfg = Debug|Any CPU
		{BFB4B37E-6CDF-4962-9EA8-1A2027AB22F0}.AppStore|iPhoneSimulator.Build.0 = Debug|Any CPU
		{BFB4B37E-6CDF-4962-9EA8-1A2027AB22F0}.AppStore|iPhoneSimulator.Deploy.0 = Debug|Any CPU
		{BFB4B37E-6CDF-4962-9EA8-1A2027AB22F0}.AppStore|x64.ActiveCfg = Debug|Any CPU
		{BFB4B37E-6CDF-4962-9EA8-1A2027AB22F0}.AppStore|x64.Build.0 = Debug|Any CPU
		{BFB4B37E-6CDF-4962-9EA8-1A2027AB22F0}.AppStore|x64.Deploy.0 = Debug|Any CPU
		{BFB4B37E-6CDF-4962-9EA8-1A2027AB22F0}.AppStore|x86.ActiveCfg = Debug|Any CPU
		{BFB4B37E-6CDF-4962-9EA8-1A2027AB22F0}.AppStore|x86.Build.0 = Debug|Any CPU
		{BFB4B37E-6CDF-4962-9EA8-1A2027AB22F0}.AppStore|x86.Deploy.0 = Debug|Any CPU
		{BFB4B37E-6CDF-4962-9EA8-1A2027AB22F0}.Debug|Any CPU.ActiveCfg = Debug|Any CPU
		{BFB4B37E-6CDF-4962-9EA8-1A2027AB22F0}.Debug|Any CPU.Build.0 = Debug|Any CPU
		{BFB4B37E-6CDF-4962-9EA8-1A2027AB22F0}.Debug|Any CPU.Deploy.0 = Debug|Any CPU
		{BFB4B37E-6CDF-4962-9EA8-1A2027AB22F0}.Debug|ARM.ActiveCfg = Debug|Any CPU
		{BFB4B37E-6CDF-4962-9EA8-1A2027AB22F0}.Debug|ARM.Build.0 = Debug|Any CPU
		{BFB4B37E-6CDF-4962-9EA8-1A2027AB22F0}.Debug|ARM.Deploy.0 = Debug|Any CPU
		{BFB4B37E-6CDF-4962-9EA8-1A2027AB22F0}.Debug|iPhone.ActiveCfg = Debug|Any CPU
		{BFB4B37E-6CDF-4962-9EA8-1A2027AB22F0}.Debug|iPhone.Build.0 = Debug|Any CPU
		{BFB4B37E-6CDF-4962-9EA8-1A2027AB22F0}.Debug|iPhone.Deploy.0 = Debug|Any CPU
		{BFB4B37E-6CDF-4962-9EA8-1A2027AB22F0}.Debug|iPhoneSimulator.ActiveCfg = Debug|Any CPU
		{BFB4B37E-6CDF-4962-9EA8-1A2027AB22F0}.Debug|iPhoneSimulator.Build.0 = Debug|Any CPU
		{BFB4B37E-6CDF-4962-9EA8-1A2027AB22F0}.Debug|iPhoneSimulator.Deploy.0 = Debug|Any CPU
		{BFB4B37E-6CDF-4962-9EA8-1A2027AB22F0}.Debug|x64.ActiveCfg = Debug|Any CPU
		{BFB4B37E-6CDF-4962-9EA8-1A2027AB22F0}.Debug|x64.Build.0 = Debug|Any CPU
		{BFB4B37E-6CDF-4962-9EA8-1A2027AB22F0}.Debug|x64.Deploy.0 = Debug|Any CPU
		{BFB4B37E-6CDF-4962-9EA8-1A2027AB22F0}.Debug|x86.ActiveCfg = Debug|Any CPU
		{BFB4B37E-6CDF-4962-9EA8-1A2027AB22F0}.Debug|x86.Build.0 = Debug|Any CPU
		{BFB4B37E-6CDF-4962-9EA8-1A2027AB22F0}.Debug|x86.Deploy.0 = Debug|Any CPU
		{BFB4B37E-6CDF-4962-9EA8-1A2027AB22F0}.Release|Any CPU.ActiveCfg = Release|Any CPU
		{BFB4B37E-6CDF-4962-9EA8-1A2027AB22F0}.Release|Any CPU.Build.0 = Release|Any CPU
		{BFB4B37E-6CDF-4962-9EA8-1A2027AB22F0}.Release|Any CPU.Deploy.0 = Release|Any CPU
		{BFB4B37E-6CDF-4962-9EA8-1A2027AB22F0}.Release|ARM.ActiveCfg = Release|Any CPU
		{BFB4B37E-6CDF-4962-9EA8-1A2027AB22F0}.Release|ARM.Build.0 = Release|Any CPU
		{BFB4B37E-6CDF-4962-9EA8-1A2027AB22F0}.Release|ARM.Deploy.0 = Release|Any CPU
		{BFB4B37E-6CDF-4962-9EA8-1A2027AB22F0}.Release|iPhone.ActiveCfg = Release|Any CPU
		{BFB4B37E-6CDF-4962-9EA8-1A2027AB22F0}.Release|iPhone.Build.0 = Release|Any CPU
		{BFB4B37E-6CDF-4962-9EA8-1A2027AB22F0}.Release|iPhone.Deploy.0 = Release|Any CPU
		{BFB4B37E-6CDF-4962-9EA8-1A2027AB22F0}.Release|iPhoneSimulator.ActiveCfg = Release|Any CPU
		{BFB4B37E-6CDF-4962-9EA8-1A2027AB22F0}.Release|iPhoneSimulator.Build.0 = Release|Any CPU
		{BFB4B37E-6CDF-4962-9EA8-1A2027AB22F0}.Release|iPhoneSimulator.Deploy.0 = Release|Any CPU
		{BFB4B37E-6CDF-4962-9EA8-1A2027AB22F0}.Release|x64.ActiveCfg = Release|Any CPU
		{BFB4B37E-6CDF-4962-9EA8-1A2027AB22F0}.Release|x64.Build.0 = Release|Any CPU
		{BFB4B37E-6CDF-4962-9EA8-1A2027AB22F0}.Release|x64.Deploy.0 = Release|Any CPU
		{BFB4B37E-6CDF-4962-9EA8-1A2027AB22F0}.Release|x86.ActiveCfg = Release|Any CPU
		{BFB4B37E-6CDF-4962-9EA8-1A2027AB22F0}.Release|x86.Build.0 = Release|Any CPU
		{BFB4B37E-6CDF-4962-9EA8-1A2027AB22F0}.Release|x86.Deploy.0 = Release|Any CPU
	EndGlobalSection
	GlobalSection(SolutionProperties) = preSolution
		HideSolutionNode = FALSE
	EndGlobalSection
	GlobalSection(ExtensibilityGlobals) = postSolution
		SolutionGuid = {48B311B2-E0DB-4ECE-AD60-135B81286F7D}
	EndGlobalSection
EndGlobal
